
Microsoft Visual Studio Solution File, Format Version 12.00
# Visual Studio Version 17
VisualStudioVersion = 17.3.32901.215
MinimumVisualStudioVersion = 10.0.40219.1
Project("{FAE04EC0-301F-11D3-BF4B-00C04F79EFBC}") = "Number1", "Number1\Number1.csproj", "{38F7A127-9872-42BB-A6D9-7A4D048D252E}"
EndProject
Project("{FAE04EC0-301F-11D3-BF4B-00C04F79EFBC}") = "Number2", "Number2\Number2.csproj", "{88543D69-638F-44D7-9DED-9552C7438252}"
EndProject
Project("{FAE04EC0-301F-11D3-BF4B-00C04F79EFBC}") = "Number3", "Number3\Number3.csproj", "{08A0B7F9-D865-4720-890A-C0B133EA6BDC}"
EndProject
Project("{FAE04EC0-301F-11D3-BF4B-00C04F79EFBC}") = "Number4", "Number4\Number4.csproj", "{EBE1B122-0CBD-4121-B040-D1179E949F14}"
EndProject
Project("{FAE04EC0-301F-11D3-BF4B-00C04F79EFBC}") = "Number5", "Number5\Number5.csproj", "{A72CBE45-17F8-4D23-8DAF-1651D0B49200}"
EndProject
Project("{FAE04EC0-301F-11D3-BF4B-00C04F79EFBC}") = "Number6", "Number6\Number6.csproj", "{0B8C7A69-BCD6-475D-BC6B-6798C5D4F23D}"
EndProject
Project("{FAE04EC0-301F-11D3-BF4B-00C04F79EFBC}") = "Number7", "Number7\Number7.csproj", "{8FBDB71E-617A-433E-8582-79CFA9F6D7CB}"
EndProject
Project("{FAE04EC0-301F-11D3-BF4B-00C04F79EFBC}") = "Number8", "Number8\Number8.csproj", "{0F3B400F-6FF4-4AD1-B31C-5AD8185CA1F3}"
EndProject
Project("{FAE04EC0-301F-11D3-BF4B-00C04F79EFBC}") = "Number9", "Number9\Number9.csproj", "{206F7D78-549A-4CD1-B795-8334D45D8FFD}"
EndProject
Project("{FAE04EC0-301F-11D3-BF4B-00C04F79EFBC}") = "Number10", "Number10\Number10.csproj", "{A9EBA7BC-AC19-4C8D-9754-683AB8555656}"
EndProject
Project("{FAE04EC0-301F-11D3-BF4B-00C04F79EFBC}") = "Number_11", "Number_11\Number_11.csproj", "{BB6E876C-68B7-4FE8-9EB1-95B147463ACC}"
EndProject
Project("{FAE04EC0-301F-11D3-BF4B-00C04F79EFBC}") = "Number11T", "Number11T\Number11T.csproj", "{FE3D5796-CC46-4595-84AD-360D7BD09125}"
EndProject
Project("{FAE04EC0-301F-11D3-BF4B-00C04F79EFBC}") = "Number12", "Number12\Number12.csproj", "{3828A186-CBB3-445F-8E8A-8FC2E087C6F1}"
EndProject
Project("{FAE04EC0-301F-11D3-BF4B-00C04F79EFBC}") = "Number12T", "Number12T\Number12T.csproj", "{752B89D6-F3DA-4160-A9A3-08C4038BD99E}"
EndProject
Project("{FAE04EC0-301F-11D3-BF4B-00C04F79EFBC}") = "Number13", "Number13\Number13.csproj", "{37E103D8-E240-4D3C-B346-9171EAA4EBF3}"
EndProject
Project("{FAE04EC0-301F-11D3-BF4B-00C04F79EFBC}") = "Number13T", "Number13T\Number13T.csproj", "{9945FD73-5E4F-43A4-AEC5-6E763EC84622}"
EndProject
Project("{FAE04EC0-301F-11D3-BF4B-00C04F79EFBC}") = "Number14", "Number14\Number14.csproj", "{F6CE04C3-21E1-465F-9962-EAB663B5AC74}"
EndProject
Project("{FAE04EC0-301F-11D3-BF4B-00C04F79EFBC}") = "Number14T", "Number14T\Number14T.csproj", "{7CDCF53B-F05F-4CD7-9E5C-E67E5520174F}"
EndProject
Project("{FAE04EC0-301F-11D3-BF4B-00C04F79EFBC}") = "Number15", "Number15\Number15.csproj", "{BFCC819E-0ACA-4E6B-B906-D3CB65A43880}"
EndProject
Project("{FAE04EC0-301F-11D3-BF4B-00C04F79EFBC}") = "Number15T", "Number15T\Number15T.csproj", "{1A3FCEE9-EBBE-4979-8791-49CDFD6F8F4C}"
EndProject
Project("{FAE04EC0-301F-11D3-BF4B-00C04F79EFBC}") = "Number16", "Number16\Number16.csproj", "{A5DB4DE7-BAF5-44DD-8C0C-6FE709552607}"
EndProject
Project("{FAE04EC0-301F-11D3-BF4B-00C04F79EFBC}") = "Number16T", "Number16T\Number16T.csproj", "{211B252F-6003-4B65-A2E0-88EBD9B69B66}"
EndProject
Project("{FAE04EC0-301F-11D3-BF4B-00C04F79EFBC}") = "Number17", "Number17\Number17.csproj", "{0E8D7337-61A6-46E9-970D-BA8C24559BFA}"
EndProject
Project("{FAE04EC0-301F-11D3-BF4B-00C04F79EFBC}") = "Number17T", "Number17T\Number17T.csproj", "{246636AE-C886-4C6B-8A6C-9C231210335D}"
EndProject
Project("{FAE04EC0-301F-11D3-BF4B-00C04F79EFBC}") = "Number18", "Number18\Number18.csproj", "{0D49A15E-3020-4AA8-A9AC-7D9D14ADD43B}"
EndProject
Project("{FAE04EC0-301F-11D3-BF4B-00C04F79EFBC}") = "Number19", "Number19\Number19.csproj", "{C70F4EDE-69BB-4CA6-B2B9-90618CE9626D}"
EndProject
Project("{FAE04EC0-301F-11D3-BF4B-00C04F79EFBC}") = "Number20", "Number20\Number20.csproj", "{88174278-BE29-4062-9DD2-02F8105000E0}"
EndProject
Project("{FAE04EC0-301F-11D3-BF4B-00C04F79EFBC}") = "Number21", "Number21\Number21.csproj", "{BC2A7BAF-3F46-4C80-8836-BDC5C95E3AC6}"
EndProject
Project("{FAE04EC0-301F-11D3-BF4B-00C04F79EFBC}") = "Number22", "Number22\Number22.csproj", "{BC99DE0C-6F38-46FA-9FFB-B763E21218FF}"
EndProject
Project("{FAE04EC0-301F-11D3-BF4B-00C04F79EFBC}") = "Number23", "Number23\Number23.csproj", "{B6809133-90DC-465B-9EC4-CD8C87A942FD}"
EndProject
Project("{FAE04EC0-301F-11D3-BF4B-00C04F79EFBC}") = "Number24", "Number24\Number24.csproj", "{EDC85F6B-D0AA-4E9E-8303-0B741FD38236}"
EndProject
Project("{FAE04EC0-301F-11D3-BF4B-00C04F79EFBC}") = "Number25", "Number25\Number25.csproj", "{1DFAE49F-7471-431D-8BF9-9E28A69282CF}"
EndProject
Global
	GlobalSection(SolutionConfigurationPlatforms) = preSolution
		Debug|Any CPU = Debug|Any CPU
		Release|Any CPU = Release|Any CPU
	EndGlobalSection
	GlobalSection(ProjectConfigurationPlatforms) = postSolution
		{38F7A127-9872-42BB-A6D9-7A4D048D252E}.Debug|Any CPU.ActiveCfg = Debug|Any CPU
		{38F7A127-9872-42BB-A6D9-7A4D048D252E}.Debug|Any CPU.Build.0 = Debug|Any CPU
		{38F7A127-9872-42BB-A6D9-7A4D048D252E}.Release|Any CPU.ActiveCfg = Release|Any CPU
		{38F7A127-9872-42BB-A6D9-7A4D048D252E}.Release|Any CPU.Build.0 = Release|Any CPU
		{88543D69-638F-44D7-9DED-9552C7438252}.Debug|Any CPU.ActiveCfg = Debug|Any CPU
		{88543D69-638F-44D7-9DED-9552C7438252}.Debug|Any CPU.Build.0 = Debug|Any CPU
		{88543D69-638F-44D7-9DED-9552C7438252}.Release|Any CPU.ActiveCfg = Release|Any CPU
		{88543D69-638F-44D7-9DED-9552C7438252}.Release|Any CPU.Build.0 = Release|Any CPU
		{08A0B7F9-D865-4720-890A-C0B133EA6BDC}.Debug|Any CPU.ActiveCfg = Debug|Any CPU
		{08A0B7F9-D865-4720-890A-C0B133EA6BDC}.Debug|Any CPU.Build.0 = Debug|Any CPU
		{08A0B7F9-D865-4720-890A-C0B133EA6BDC}.Release|Any CPU.ActiveCfg = Release|Any CPU
		{08A0B7F9-D865-4720-890A-C0B133EA6BDC}.Release|Any CPU.Build.0 = Release|Any CPU
		{EBE1B122-0CBD-4121-B040-D1179E949F14}.Debug|Any CPU.ActiveCfg = Debug|Any CPU
		{EBE1B122-0CBD-4121-B040-D1179E949F14}.Debug|Any CPU.Build.0 = Debug|Any CPU
		{EBE1B122-0CBD-4121-B040-D1179E949F14}.Release|Any CPU.ActiveCfg = Release|Any CPU
		{EBE1B122-0CBD-4121-B040-D1179E949F14}.Release|Any CPU.Build.0 = Release|Any CPU
		{A72CBE45-17F8-4D23-8DAF-1651D0B49200}.Debug|Any CPU.ActiveCfg = Debug|Any CPU
		{A72CBE45-17F8-4D23-8DAF-1651D0B49200}.Debug|Any CPU.Build.0 = Debug|Any CPU
		{A72CBE45-17F8-4D23-8DAF-1651D0B49200}.Release|Any CPU.ActiveCfg = Release|Any CPU
		{A72CBE45-17F8-4D23-8DAF-1651D0B49200}.Release|Any CPU.Build.0 = Release|Any CPU
		{0B8C7A69-BCD6-475D-BC6B-6798C5D4F23D}.Debug|Any CPU.ActiveCfg = Debug|Any CPU
		{0B8C7A69-BCD6-475D-BC6B-6798C5D4F23D}.Debug|Any CPU.Build.0 = Debug|Any CPU
		{0B8C7A69-BCD6-475D-BC6B-6798C5D4F23D}.Release|Any CPU.ActiveCfg = Release|Any CPU
		{0B8C7A69-BCD6-475D-BC6B-6798C5D4F23D}.Release|Any CPU.Build.0 = Release|Any CPU
		{8FBDB71E-617A-433E-8582-79CFA9F6D7CB}.Debug|Any CPU.ActiveCfg = Debug|Any CPU
		{8FBDB71E-617A-433E-8582-79CFA9F6D7CB}.Debug|Any CPU.Build.0 = Debug|Any CPU
		{8FBDB71E-617A-433E-8582-79CFA9F6D7CB}.Release|Any CPU.ActiveCfg = Release|Any CPU
		{8FBDB71E-617A-433E-8582-79CFA9F6D7CB}.Release|Any CPU.Build.0 = Release|Any CPU
		{0F3B400F-6FF4-4AD1-B31C-5AD8185CA1F3}.Debug|Any CPU.ActiveCfg = Debug|Any CPU
		{0F3B400F-6FF4-4AD1-B31C-5AD8185CA1F3}.Debug|Any CPU.Build.0 = Debug|Any CPU
		{0F3B400F-6FF4-4AD1-B31C-5AD8185CA1F3}.Release|Any CPU.ActiveCfg = Release|Any CPU
		{0F3B400F-6FF4-4AD1-B31C-5AD8185CA1F3}.Release|Any CPU.Build.0 = Release|Any CPU
		{206F7D78-549A-4CD1-B795-8334D45D8FFD}.Debug|Any CPU.ActiveCfg = Debug|Any CPU
		{206F7D78-549A-4CD1-B795-8334D45D8FFD}.Debug|Any CPU.Build.0 = Debug|Any CPU
		{206F7D78-549A-4CD1-B795-8334D45D8FFD}.Release|Any CPU.ActiveCfg = Release|Any CPU
		{206F7D78-549A-4CD1-B795-8334D45D8FFD}.Release|Any CPU.Build.0 = Release|Any CPU
		{A9EBA7BC-AC19-4C8D-9754-683AB8555656}.Debug|Any CPU.ActiveCfg = Debug|Any CPU
		{A9EBA7BC-AC19-4C8D-9754-683AB8555656}.Debug|Any CPU.Build.0 = Debug|Any CPU
		{A9EBA7BC-AC19-4C8D-9754-683AB8555656}.Release|Any CPU.ActiveCfg = Release|Any CPU
		{A9EBA7BC-AC19-4C8D-9754-683AB8555656}.Release|Any CPU.Build.0 = Release|Any CPU
		{BB6E876C-68B7-4FE8-9EB1-95B147463ACC}.Debug|Any CPU.ActiveCfg = Debug|Any CPU
		{BB6E876C-68B7-4FE8-9EB1-95B147463ACC}.Debug|Any CPU.Build.0 = Debug|Any CPU
		{BB6E876C-68B7-4FE8-9EB1-95B147463ACC}.Release|Any CPU.ActiveCfg = Release|Any CPU
		{BB6E876C-68B7-4FE8-9EB1-95B147463ACC}.Release|Any CPU.Build.0 = Release|Any CPU
		{FE3D5796-CC46-4595-84AD-360D7BD09125}.Debug|Any CPU.ActiveCfg = Debug|Any CPU
		{FE3D5796-CC46-4595-84AD-360D7BD09125}.Debug|Any CPU.Build.0 = Debug|Any CPU
		{FE3D5796-CC46-4595-84AD-360D7BD09125}.Release|Any CPU.ActiveCfg = Release|Any CPU
		{FE3D5796-CC46-4595-84AD-360D7BD09125}.Release|Any CPU.Build.0 = Release|Any CPU
		{3828A186-CBB3-445F-8E8A-8FC2E087C6F1}.Debug|Any CPU.ActiveCfg = Debug|Any CPU
		{3828A186-CBB3-445F-8E8A-8FC2E087C6F1}.Debug|Any CPU.Build.0 = Debug|Any CPU
		{3828A186-CBB3-445F-8E8A-8FC2E087C6F1}.Release|Any CPU.ActiveCfg = Release|Any CPU
		{3828A186-CBB3-445F-8E8A-8FC2E087C6F1}.Release|Any CPU.Build.0 = Release|Any CPU
		{752B89D6-F3DA-4160-A9A3-08C4038BD99E}.Debug|Any CPU.ActiveCfg = Debug|Any CPU
		{752B89D6-F3DA-4160-A9A3-08C4038BD99E}.Debug|Any CPU.Build.0 = Debug|Any CPU
		{752B89D6-F3DA-4160-A9A3-08C4038BD99E}.Release|Any CPU.ActiveCfg = Release|Any CPU
		{752B89D6-F3DA-4160-A9A3-08C4038BD99E}.Release|Any CPU.Build.0 = Release|Any CPU
		{37E103D8-E240-4D3C-B346-9171EAA4EBF3}.Debug|Any CPU.ActiveCfg = Debug|Any CPU
		{37E103D8-E240-4D3C-B346-9171EAA4EBF3}.Debug|Any CPU.Build.0 = Debug|Any CPU
		{37E103D8-E240-4D3C-B346-9171EAA4EBF3}.Release|Any CPU.ActiveCfg = Release|Any CPU
		{37E103D8-E240-4D3C-B346-9171EAA4EBF3}.Release|Any CPU.Build.0 = Release|Any CPU
		{9945FD73-5E4F-43A4-AEC5-6E763EC84622}.Debug|Any CPU.ActiveCfg = Debug|Any CPU
		{9945FD73-5E4F-43A4-AEC5-6E763EC84622}.Debug|Any CPU.Build.0 = Debug|Any CPU
		{9945FD73-5E4F-43A4-AEC5-6E763EC84622}.Release|Any CPU.ActiveCfg = Release|Any CPU
		{9945FD73-5E4F-43A4-AEC5-6E763EC84622}.Release|Any CPU.Build.0 = Release|Any CPU
		{F6CE04C3-21E1-465F-9962-EAB663B5AC74}.Debug|Any CPU.ActiveCfg = Debug|Any CPU
		{F6CE04C3-21E1-465F-9962-EAB663B5AC74}.Debug|Any CPU.Build.0 = Debug|Any CPU
		{F6CE04C3-21E1-465F-9962-EAB663B5AC74}.Release|Any CPU.ActiveCfg = Release|Any CPU
		{F6CE04C3-21E1-465F-9962-EAB663B5AC74}.Release|Any CPU.Build.0 = Release|Any CPU
		{7CDCF53B-F05F-4CD7-9E5C-E67E5520174F}.Debug|Any CPU.ActiveCfg = Debug|Any CPU
		{7CDCF53B-F05F-4CD7-9E5C-E67E5520174F}.Debug|Any CPU.Build.0 = Debug|Any CPU
		{7CDCF53B-F05F-4CD7-9E5C-E67E5520174F}.Release|Any CPU.ActiveCfg = Release|Any CPU
		{7CDCF53B-F05F-4CD7-9E5C-E67E5520174F}.Release|Any CPU.Build.0 = Release|Any CPU
		{BFCC819E-0ACA-4E6B-B906-D3CB65A43880}.Debug|Any CPU.ActiveCfg = Debug|Any CPU
		{BFCC819E-0ACA-4E6B-B906-D3CB65A43880}.Debug|Any CPU.Build.0 = Debug|Any CPU
		{BFCC819E-0ACA-4E6B-B906-D3CB65A43880}.Release|Any CPU.ActiveCfg = Release|Any CPU
		{BFCC819E-0ACA-4E6B-B906-D3CB65A43880}.Release|Any CPU.Build.0 = Release|Any CPU
		{1A3FCEE9-EBBE-4979-8791-49CDFD6F8F4C}.Debug|Any CPU.ActiveCfg = Debug|Any CPU
		{1A3FCEE9-EBBE-4979-8791-49CDFD6F8F4C}.Debug|Any CPU.Build.0 = Debug|Any CPU
		{1A3FCEE9-EBBE-4979-8791-49CDFD6F8F4C}.Release|Any CPU.ActiveCfg = Release|Any CPU
		{1A3FCEE9-EBBE-4979-8791-49CDFD6F8F4C}.Release|Any CPU.Build.0 = Release|Any CPU
		{A5DB4DE7-BAF5-44DD-8C0C-6FE709552607}.Debug|Any CPU.ActiveCfg = Debug|Any CPU
		{A5DB4DE7-BAF5-44DD-8C0C-6FE709552607}.Debug|Any CPU.Build.0 = Debug|Any CPU
		{A5DB4DE7-BAF5-44DD-8C0C-6FE709552607}.Release|Any CPU.ActiveCfg = Release|Any CPU
		{A5DB4DE7-BAF5-44DD-8C0C-6FE709552607}.Release|Any CPU.Build.0 = Release|Any CPU
		{211B252F-6003-4B65-A2E0-88EBD9B69B66}.Debug|Any CPU.ActiveCfg = Debug|Any CPU
		{211B252F-6003-4B65-A2E0-88EBD9B69B66}.Debug|Any CPU.Build.0 = Debug|Any CPU
		{211B252F-6003-4B65-A2E0-88EBD9B69B66}.Release|Any CPU.ActiveCfg = Release|Any CPU
		{211B252F-6003-4B65-A2E0-88EBD9B69B66}.Release|Any CPU.Build.0 = Release|Any CPU
		{0E8D7337-61A6-46E9-970D-BA8C24559BFA}.Debug|Any CPU.ActiveCfg = Debug|Any CPU
		{0E8D7337-61A6-46E9-970D-BA8C24559BFA}.Debug|Any CPU.Build.0 = Debug|Any CPU
		{0E8D7337-61A6-46E9-970D-BA8C24559BFA}.Release|Any CPU.ActiveCfg = Release|Any CPU
		{0E8D7337-61A6-46E9-970D-BA8C24559BFA}.Release|Any CPU.Build.0 = Release|Any CPU
		{246636AE-C886-4C6B-8A6C-9C231210335D}.Debug|Any CPU.ActiveCfg = Debug|Any CPU
		{246636AE-C886-4C6B-8A6C-9C231210335D}.Debug|Any CPU.Build.0 = Debug|Any CPU
		{246636AE-C886-4C6B-8A6C-9C231210335D}.Release|Any CPU.ActiveCfg = Release|Any CPU
		{246636AE-C886-4C6B-8A6C-9C231210335D}.Release|Any CPU.Build.0 = Release|Any CPU
		{0D49A15E-3020-4AA8-A9AC-7D9D14ADD43B}.Debug|Any CPU.ActiveCfg = Debug|Any CPU
		{0D49A15E-3020-4AA8-A9AC-7D9D14ADD43B}.Debug|Any CPU.Build.0 = Debug|Any CPU
		{0D49A15E-3020-4AA8-A9AC-7D9D14ADD43B}.Release|Any CPU.ActiveCfg = Release|Any CPU
		{0D49A15E-3020-4AA8-A9AC-7D9D14ADD43B}.Release|Any CPU.Build.0 = Release|Any CPU
		{C70F4EDE-69BB-4CA6-B2B9-90618CE9626D}.Debug|Any CPU.ActiveCfg = Debug|Any CPU
		{C70F4EDE-69BB-4CA6-B2B9-90618CE9626D}.Debug|Any CPU.Build.0 = Debug|Any CPU
		{C70F4EDE-69BB-4CA6-B2B9-90618CE9626D}.Release|Any CPU.ActiveCfg = Release|Any CPU
		{C70F4EDE-69BB-4CA6-B2B9-90618CE9626D}.Release|Any CPU.Build.0 = Release|Any CPU
		{88174278-BE29-4062-9DD2-02F8105000E0}.Debug|Any CPU.ActiveCfg = Debug|Any CPU
		{88174278-BE29-4062-9DD2-02F8105000E0}.Debug|Any CPU.Build.0 = Debug|Any CPU
		{88174278-BE29-4062-9DD2-02F8105000E0}.Release|Any CPU.ActiveCfg = Release|Any CPU
		{88174278-BE29-4062-9DD2-02F8105000E0}.Release|Any CPU.Build.0 = Release|Any CPU
		{BC2A7BAF-3F46-4C80-8836-BDC5C95E3AC6}.Debug|Any CPU.ActiveCfg = Debug|Any CPU
		{BC2A7BAF-3F46-4C80-8836-BDC5C95E3AC6}.Debug|Any CPU.Build.0 = Debug|Any CPU
		{BC2A7BAF-3F46-4C80-8836-BDC5C95E3AC6}.Release|Any CPU.ActiveCfg = Release|Any CPU
		{BC2A7BAF-3F46-4C80-8836-BDC5C95E3AC6}.Release|Any CPU.Build.0 = Release|Any CPU
		{BC99DE0C-6F38-46FA-9FFB-B763E21218FF}.Debug|Any CPU.ActiveCfg = Debug|Any CPU
		{BC99DE0C-6F38-46FA-9FFB-B763E21218FF}.Debug|Any CPU.Build.0 = Debug|Any CPU
		{BC99DE0C-6F38-46FA-9FFB-B763E21218FF}.Release|Any CPU.ActiveCfg = Release|Any CPU
		{BC99DE0C-6F38-46FA-9FFB-B763E21218FF}.Release|Any CPU.Build.0 = Release|Any CPU
		{B6809133-90DC-465B-9EC4-CD8C87A942FD}.Debug|Any CPU.ActiveCfg = Debug|Any CPU
		{B6809133-90DC-465B-9EC4-CD8C87A942FD}.Debug|Any CPU.Build.0 = Debug|Any CPU
		{B6809133-90DC-465B-9EC4-CD8C87A942FD}.Release|Any CPU.ActiveCfg = Release|Any CPU
		{B6809133-90DC-465B-9EC4-CD8C87A942FD}.Release|Any CPU.Build.0 = Release|Any CPU
		{EDC85F6B-D0AA-4E9E-8303-0B741FD38236}.Debug|Any CPU.ActiveCfg = Debug|Any CPU
		{EDC85F6B-D0AA-4E9E-8303-0B741FD38236}.Debug|Any CPU.Build.0 = Debug|Any CPU
		{EDC85F6B-D0AA-4E9E-8303-0B741FD38236}.Release|Any CPU.ActiveCfg = Release|Any CPU
		{EDC85F6B-D0AA-4E9E-8303-0B741FD38236}.Release|Any CPU.Build.0 = Release|Any CPU
		{1DFAE49F-7471-431D-8BF9-9E28A69282CF}.Debug|Any CPU.ActiveCfg = Debug|Any CPU
		{1DFAE49F-7471-431D-8BF9-9E28A69282CF}.Debug|Any CPU.Build.0 = Debug|Any CPU
		{1DFAE49F-7471-431D-8BF9-9E28A69282CF}.Release|Any CPU.ActiveCfg = Release|Any CPU
		{1DFAE49F-7471-431D-8BF9-9E28A69282CF}.Release|Any CPU.Build.0 = Release|Any CPU
	EndGlobalSection
	GlobalSection(SolutionProperties) = preSolution
		HideSolutionNode = FALSE
	EndGlobalSection
	GlobalSection(ExtensibilityGlobals) = postSolution
		SolutionGuid = {C445B62E-CC5B-4C65-808A-9B9CC782545C}
	EndGlobalSection
EndGlobal
